
Microsoft Visual Studio Solution File, Format Version 12.00
# Visual Studio 2012
Project("{FAE04EC0-301F-11D3-BF4B-00C04F79EFBC}") = "DSPractice", "DSPractice\DSPractice.csproj", "{C28A25D6-AD76-45BA-9CB3-BAABE587ABEF}"
EndProject
Global
	GlobalSection(SolutionConfigurationPlatforms) = preSolution
		Debug|Any CPU = Debug|Any CPU
		Release|Any CPU = Release|Any CPU
	EndGlobalSection
	GlobalSection(ProjectConfigurationPlatforms) = postSolution
		{C28A25D6-AD76-45BA-9CB3-BAABE587ABEF}.Debug|Any CPU.ActiveCfg = Debug|Any CPU
		{C28A25D6-AD76-45BA-9CB3-BAABE587ABEF}.Debug|Any CPU.Build.0 = Debug|Any CPU
		{C28A25D6-AD76-45BA-9CB3-BAABE587ABEF}.Release|Any CPU.ActiveCfg = Release|Any CPU
		{C28A25D6-AD76-45BA-9CB3-BAABE587ABEF}.Release|Any CPU.Build.0 = Release|Any CPU
	EndGlobalSection
	GlobalSection(SolutionProperties) = preSolution
		HideSolutionNode = FALSE
	EndGlobalSection
EndGlobal
